// !$*UTF8*$!
{
	archiveVersion = 1;
	classes = {
	};
	objectVersion = 56;
	objects = {

/* Begin PBXBuildFile section */
		24A5791429BC552C00495E6F /* StoleMyKiaApp.swift in Sources */ = {isa = PBXBuildFile; fileRef = 24A5791329BC552C00495E6F /* StoleMyKiaApp.swift */; };
		24A5791629BC552C00495E6F /* Tab.swift in Sources */ = {isa = PBXBuildFile; fileRef = 24A5791529BC552C00495E6F /* Tab.swift */; };
		24A5791829BC552E00495E6F /* Assets.xcassets in Resources */ = {isa = PBXBuildFile; fileRef = 24A5791729BC552E00495E6F /* Assets.xcassets */; };
		24A5791B29BC552E00495E6F /* Preview Assets.xcassets in Resources */ = {isa = PBXBuildFile; fileRef = 24A5791A29BC552E00495E6F /* Preview Assets.xcassets */; };
		24A5792429BC559100495E6F /* MapView.swift in Sources */ = {isa = PBXBuildFile; fileRef = 24A5792329BC559100495E6F /* MapView.swift */; };
		24A5792629BC55DF00495E6F /* MapViewRep.swift in Sources */ = {isa = PBXBuildFile; fileRef = 24A5792529BC55DF00495E6F /* MapViewRep.swift */; };
		24A5792929BC567F00495E6F /* ReportAnnotation.swift in Sources */ = {isa = PBXBuildFile; fileRef = 24A5792829BC567F00495E6F /* ReportAnnotation.swift */; };
		24A5792C29BC56B000495E6F /* Report.swift in Sources */ = {isa = PBXBuildFile; fileRef = 24A5792B29BC56B000495E6F /* Report.swift */; };
		24A5792F29BC5C8700495E6F /* ReportsViewModel.swift in Sources */ = {isa = PBXBuildFile; fileRef = 24A5792E29BC5C8700495E6F /* ReportsViewModel.swift */; };
/* End PBXBuildFile section */

/* Begin PBXFileReference section */
		24A5791029BC552C00495E6F /* StoleMyKia.app */ = {isa = PBXFileReference; explicitFileType = wrapper.application; includeInIndex = 0; path = StoleMyKia.app; sourceTree = BUILT_PRODUCTS_DIR; };
		24A5791329BC552C00495E6F /* StoleMyKiaApp.swift */ = {isa = PBXFileReference; lastKnownFileType = sourcecode.swift; path = StoleMyKiaApp.swift; sourceTree = "<group>"; };
		24A5791529BC552C00495E6F /* Tab.swift */ = {isa = PBXFileReference; lastKnownFileType = sourcecode.swift; path = Tab.swift; sourceTree = "<group>"; };
		24A5791729BC552E00495E6F /* Assets.xcassets */ = {isa = PBXFileReference; lastKnownFileType = folder.assetcatalog; path = Assets.xcassets; sourceTree = "<group>"; };
		24A5791A29BC552E00495E6F /* Preview Assets.xcassets */ = {isa = PBXFileReference; lastKnownFileType = folder.assetcatalog; path = "Preview Assets.xcassets"; sourceTree = "<group>"; };
		24A5792329BC559100495E6F /* MapView.swift */ = {isa = PBXFileReference; lastKnownFileType = sourcecode.swift; path = MapView.swift; sourceTree = "<group>"; };
		24A5792529BC55DF00495E6F /* MapViewRep.swift */ = {isa = PBXFileReference; lastKnownFileType = sourcecode.swift; path = MapViewRep.swift; sourceTree = "<group>"; };
		24A5792829BC567F00495E6F /* ReportAnnotation.swift */ = {isa = PBXFileReference; lastKnownFileType = sourcecode.swift; path = ReportAnnotation.swift; sourceTree = "<group>"; };
		24A5792B29BC56B000495E6F /* Report.swift */ = {isa = PBXFileReference; lastKnownFileType = sourcecode.swift; path = Report.swift; sourceTree = "<group>"; };
		24A5792E29BC5C8700495E6F /* ReportsViewModel.swift */ = {isa = PBXFileReference; lastKnownFileType = sourcecode.swift; path = ReportsViewModel.swift; sourceTree = "<group>"; };
/* End PBXFileReference section */

/* Begin PBXFrameworksBuildPhase section */
		24A5790D29BC552C00495E6F /* Frameworks */ = {
			isa = PBXFrameworksBuildPhase;
			buildActionMask = 2147483647;
			files = (
			);
			runOnlyForDeploymentPostprocessing = 0;
		};
/* End PBXFrameworksBuildPhase section */

/* Begin PBXGroup section */
		24A5790729BC552C00495E6F = {
			isa = PBXGroup;
			children = (
				24A5791229BC552C00495E6F /* StoleMyKia */,
				24A5791129BC552C00495E6F /* Products */,
			);
			sourceTree = "<group>";
		};
		24A5791129BC552C00495E6F /* Products */ = {
			isa = PBXGroup;
			children = (
				24A5791029BC552C00495E6F /* StoleMyKia.app */,
			);
			name = Products;
			sourceTree = "<group>";
		};
		24A5791229BC552C00495E6F /* StoleMyKia */ = {
			isa = PBXGroup;
			children = (
				24A5791329BC552C00495E6F /* StoleMyKiaApp.swift */,
				24A5792D29BC5C7B00495E6F /* View Models */,
				24A5792A29BC56A600495E6F /* Models */,
				24A5792129BC556000495E6F /* Tab View */,
				24A5791729BC552E00495E6F /* Assets.xcassets */,
				24A5791929BC552E00495E6F /* Preview Content */,
			);
			path = StoleMyKia;
			sourceTree = "<group>";
		};
		24A5791929BC552E00495E6F /* Preview Content */ = {
			isa = PBXGroup;
			children = (
				24A5791A29BC552E00495E6F /* Preview Assets.xcassets */,
			);
			path = "Preview Content";
			sourceTree = "<group>";
		};
		24A5792129BC556000495E6F /* Tab View */ = {
			isa = PBXGroup;
			children = (
				24A5791529BC552C00495E6F /* Tab.swift */,
				24A5792229BC557100495E6F /* Map */,
			);
			path = "Tab View";
			sourceTree = "<group>";
		};
		24A5792229BC557100495E6F /* Map */ = {
			isa = PBXGroup;
			children = (
				24A5792329BC559100495E6F /* MapView.swift */,
				24A5792729BC565C00495E6F /* MKMap */,
			);
			name = Map;
			path = ..;
			sourceTree = "<group>";
		};
		24A5792729BC565C00495E6F /* MKMap */ = {
			isa = PBXGroup;
			children = (
				24A5792529BC55DF00495E6F /* MapViewRep.swift */,
				24A5792829BC567F00495E6F /* ReportAnnotation.swift */,
			);
			path = MKMap;
			sourceTree = "<group>";
		};
		24A5792A29BC56A600495E6F /* Models */ = {
			isa = PBXGroup;
			children = (
				24A5792B29BC56B000495E6F /* Report.swift */,
			);
			path = Models;
			sourceTree = "<group>";
		};
		24A5792D29BC5C7B00495E6F /* View Models */ = {
			isa = PBXGroup;
			children = (
				24A5792E29BC5C8700495E6F /* ReportsViewModel.swift */,
			);
			path = "View Models";
			sourceTree = "<group>";
		};
/* End PBXGroup section */

/* Begin PBXNativeTarget section */
		24A5790F29BC552C00495E6F /* StoleMyKia */ = {
			isa = PBXNativeTarget;
			buildConfigurationList = 24A5791E29BC552E00495E6F /* Build configuration list for PBXNativeTarget "StoleMyKia" */;
			buildPhases = (
				24A5790C29BC552C00495E6F /* Sources */,
				24A5790D29BC552C00495E6F /* Frameworks */,
				24A5790E29BC552C00495E6F /* Resources */,
			);
			buildRules = (
			);
			dependencies = (
			);
			name = StoleMyKia;
			productName = StoleMyKia;
			productReference = 24A5791029BC552C00495E6F /* StoleMyKia.app */;
			productType = "com.apple.product-type.application";
		};
/* End PBXNativeTarget section */

/* Begin PBXProject section */
		24A5790829BC552C00495E6F /* Project object */ = {
			isa = PBXProject;
			attributes = {
				BuildIndependentTargetsInParallel = 1;
				LastSwiftUpdateCheck = 1420;
				LastUpgradeCheck = 1420;
				TargetAttributes = {
					24A5790F29BC552C00495E6F = {
						CreatedOnToolsVersion = 14.2;
					};
				};
			};
			buildConfigurationList = 24A5790B29BC552C00495E6F /* Build configuration list for PBXProject "StoleMyKia" */;
			compatibilityVersion = "Xcode 14.0";
			developmentRegion = en;
			hasScannedForEncodings = 0;
			knownRegions = (
				en,
				Base,
			);
			mainGroup = 24A5790729BC552C00495E6F;
			productRefGroup = 24A5791129BC552C00495E6F /* Products */;
			projectDirPath = "";
			projectRoot = "";
			targets = (
				24A5790F29BC552C00495E6F /* StoleMyKia */,
			);
		};
/* End PBXProject section */

/* Begin PBXResourcesBuildPhase section */
		24A5790E29BC552C00495E6F /* Resources */ = {
			isa = PBXResourcesBuildPhase;
			buildActionMask = 2147483647;
			files = (
				24A5791B29BC552E00495E6F /* Preview Assets.xcassets in Resources */,
				24A5791829BC552E00495E6F /* Assets.xcassets in Resources */,
			);
			runOnlyForDeploymentPostprocessing = 0;
		};
/* End PBXResourcesBuildPhase section */

/* Begin PBXSourcesBuildPhase section */
		24A5790C29BC552C00495E6F /* Sources */ = {
			isa = PBXSourcesBuildPhase;
			buildActionMask = 2147483647;
			files = (
				24A5791629BC552C00495E6F /* Tab.swift in Sources */,
				24A5792929BC567F00495E6F /* ReportAnnotation.swift in Sources */,
				24A5792429BC559100495E6F /* MapView.swift in Sources */,
				24A5792F29BC5C8700495E6F /* ReportsViewModel.swift in Sources */,
				24A5791429BC552C00495E6F /* StoleMyKiaApp.swift in Sources */,
				24A5792629BC55DF00495E6F /* MapViewRep.swift in Sources */,
				24A5792C29BC56B000495E6F /* Report.swift in Sources */,
			);
			runOnlyForDeploymentPostprocessing = 0;
		};
/* End PBXSourcesBuildPhase section */

/* Begin XCBuildConfiguration section */
		24A5791C29BC552E00495E6F /* Debug */ = {
			isa = XCBuildConfiguration;
			buildSettings = {
				ALWAYS_SEARCH_USER_PATHS = NO;
				CLANG_ANALYZER_NONNULL = YES;
				CLANG_ANALYZER_NUMBER_OBJECT_CONVERSION = YES_AGGRESSIVE;
				CLANG_CXX_LANGUAGE_STANDARD = "gnu++20";
				CLANG_ENABLE_MODULES = YES;
				CLANG_ENABLE_OBJC_ARC = YES;
				CLANG_ENABLE_OBJC_WEAK = YES;
				CLANG_WARN_BLOCK_CAPTURE_AUTORELEASING = YES;
				CLANG_WARN_BOOL_CONVERSION = YES;
				CLANG_WARN_COMMA = YES;
				CLANG_WARN_CONSTANT_CONVERSION = YES;
				CLANG_WARN_DEPRECATED_OBJC_IMPLEMENTATIONS = YES;
				CLANG_WARN_DIRECT_OBJC_ISA_USAGE = YES_ERROR;
				CLANG_WARN_DOCUMENTATION_COMMENTS = YES;
				CLANG_WARN_EMPTY_BODY = YES;
				CLANG_WARN_ENUM_CONVERSION = YES;
				CLANG_WARN_INFINITE_RECURSION = YES;
				CLANG_WARN_INT_CONVERSION = YES;
				CLANG_WARN_NON_LITERAL_NULL_CONVERSION = YES;
				CLANG_WARN_OBJC_IMPLICIT_RETAIN_SELF = YES;
				CLANG_WARN_OBJC_LITERAL_CONVERSION = YES;
				CLANG_WARN_OBJC_ROOT_CLASS = YES_ERROR;
				CLANG_WARN_QUOTED_INCLUDE_IN_FRAMEWORK_HEADER = YES;
				CLANG_WARN_RANGE_LOOP_ANALYSIS = YES;
				CLANG_WARN_STRICT_PROTOTYPES = YES;
				CLANG_WARN_SUSPICIOUS_MOVE = YES;
				CLANG_WARN_UNGUARDED_AVAILABILITY = YES_AGGRESSIVE;
				CLANG_WARN_UNREACHABLE_CODE = YES;
				CLANG_WARN__DUPLICATE_METHOD_MATCH = YES;
				COPY_PHASE_STRIP = NO;
				DEBUG_INFORMATION_FORMAT = dwarf;
				ENABLE_STRICT_OBJC_MSGSEND = YES;
				ENABLE_TESTABILITY = YES;
				GCC_C_LANGUAGE_STANDARD = gnu11;
				GCC_DYNAMIC_NO_PIC = NO;
				GCC_NO_COMMON_BLOCKS = YES;
				GCC_OPTIMIZATION_LEVEL = 0;
				GCC_PREPROCESSOR_DEFINITIONS = (
					"DEBUG=1",
					"$(inherited)",
				);
				GCC_WARN_64_TO_32_BIT_CONVERSION = YES;
				GCC_WARN_ABOUT_RETURN_TYPE = YES_ERROR;
				GCC_WARN_UNDECLARED_SELECTOR = YES;
				GCC_WARN_UNINITIALIZED_AUTOS = YES_AGGRESSIVE;
				GCC_WARN_UNUSED_FUNCTION = YES;
				GCC_WARN_UNUSED_VARIABLE = YES;
				IPHONEOS_DEPLOYMENT_TARGET = 16.2;
				MTL_ENABLE_DEBUG_INFO = INCLUDE_SOURCE;
				MTL_FAST_MATH = YES;
				ONLY_ACTIVE_ARCH = YES;
				SDKROOT = iphoneos;
				SWIFT_ACTIVE_COMPILATION_CONDITIONS = DEBUG;
				SWIFT_OPTIMIZATION_LEVEL = "-Onone";
			};
			name = Debug;
		};
		24A5791D29BC552E00495E6F /* Release */ = {
			isa = XCBuildConfiguration;
			buildSettings = {
				ALWAYS_SEARCH_USER_PATHS = NO;
				CLANG_ANALYZER_NONNULL = YES;
				CLANG_ANALYZER_NUMBER_OBJECT_CONVERSION = YES_AGGRESSIVE;
				CLANG_CXX_LANGUAGE_STANDARD = "gnu++20";
				CLANG_ENABLE_MODULES = YES;
				CLANG_ENABLE_OBJC_ARC = YES;
				CLANG_ENABLE_OBJC_WEAK = YES;
				CLANG_WARN_BLOCK_CAPTURE_AUTORELEASING = YES;
				CLANG_WARN_BOOL_CONVERSION = YES;
				CLANG_WARN_COMMA = YES;
				CLANG_WARN_CONSTANT_CONVERSION = YES;
				CLANG_WARN_DEPRECATED_OBJC_IMPLEMENTATIONS = YES;
				CLANG_WARN_DIRECT_OBJC_ISA_USAGE = YES_ERROR;
				CLANG_WARN_DOCUMENTATION_COMMENTS = YES;
				CLANG_WARN_EMPTY_BODY = YES;
				CLANG_WARN_ENUM_CONVERSION = YES;
				CLANG_WARN_INFINITE_RECURSION = YES;
				CLANG_WARN_INT_CONVERSION = YES;
				CLANG_WARN_NON_LITERAL_NULL_CONVERSION = YES;
				CLANG_WARN_OBJC_IMPLICIT_RETAIN_SELF = YES;
				CLANG_WARN_OBJC_LITERAL_CONVERSION = YES;
				CLANG_WARN_OBJC_ROOT_CLASS = YES_ERROR;
				CLANG_WARN_QUOTED_INCLUDE_IN_FRAMEWORK_HEADER = YES;
				CLANG_WARN_RANGE_LOOP_ANALYSIS = YES;
				CLANG_WARN_STRICT_PROTOTYPES = YES;
				CLANG_WARN_SUSPICIOUS_MOVE = YES;
				CLANG_WARN_UNGUARDED_AVAILABILITY = YES_AGGRESSIVE;
				CLANG_WARN_UNREACHABLE_CODE = YES;
				CLANG_WARN__DUPLICATE_METHOD_MATCH = YES;
				COPY_PHASE_STRIP = NO;
				DEBUG_INFORMATION_FORMAT = "dwarf-with-dsym";
				ENABLE_NS_ASSERTIONS = NO;
				ENABLE_STRICT_OBJC_MSGSEND = YES;
				GCC_C_LANGUAGE_STANDARD = gnu11;
				GCC_NO_COMMON_BLOCKS = YES;
				GCC_WARN_64_TO_32_BIT_CONVERSION = YES;
				GCC_WARN_ABOUT_RETURN_TYPE = YES_ERROR;
				GCC_WARN_UNDECLARED_SELECTOR = YES;
				GCC_WARN_UNINITIALIZED_AUTOS = YES_AGGRESSIVE;
				GCC_WARN_UNUSED_FUNCTION = YES;
				GCC_WARN_UNUSED_VARIABLE = YES;
				IPHONEOS_DEPLOYMENT_TARGET = 16.2;
				MTL_ENABLE_DEBUG_INFO = NO;
				MTL_FAST_MATH = YES;
				SDKROOT = iphoneos;
				SWIFT_COMPILATION_MODE = wholemodule;
				SWIFT_OPTIMIZATION_LEVEL = "-O";
				VALIDATE_PRODUCT = YES;
			};
			name = Release;
		};
		24A5791F29BC552E00495E6F /* Debug */ = {
			isa = XCBuildConfiguration;
			buildSettings = {
				ASSETCATALOG_COMPILER_APPICON_NAME = AppIcon;
				ASSETCATALOG_COMPILER_GLOBAL_ACCENT_COLOR_NAME = AccentColor;
				CODE_SIGN_STYLE = Automatic;
				CURRENT_PROJECT_VERSION = 1;
				DEVELOPMENT_ASSET_PATHS = "\"StoleMyKia/Preview Content\"";
				DEVELOPMENT_TEAM = H5L7QT5U7B;
				ENABLE_PREVIEWS = YES;
				GENERATE_INFOPLIST_FILE = YES;
				INFOPLIST_KEY_NSLocationWhenInUseUsageDescription = "Using your location, you'll be able to see reports nearests you.\\n\\n";
				INFOPLIST_KEY_UIApplicationSceneManifest_Generation = YES;
				INFOPLIST_KEY_UIApplicationSupportsIndirectInputEvents = YES;
				INFOPLIST_KEY_UILaunchScreen_Generation = YES;
				INFOPLIST_KEY_UISupportedInterfaceOrientations_iPad = "UIInterfaceOrientationPortrait UIInterfaceOrientationPortraitUpsideDown UIInterfaceOrientationLandscapeLeft UIInterfaceOrientationLandscapeRight";
				INFOPLIST_KEY_UISupportedInterfaceOrientations_iPhone = "UIInterfaceOrientationPortrait UIInterfaceOrientationLandscapeLeft UIInterfaceOrientationLandscapeRight";
				LD_RUNPATH_SEARCH_PATHS = (
					"$(inherited)",
					"@executable_path/Frameworks",
				);
				MARKETING_VERSION = 1.0;
				PRODUCT_BUNDLE_IDENTIFIER = JaylenKSmith.StoleMyKia;
				PRODUCT_NAME = "$(TARGET_NAME)";
				SWIFT_EMIT_LOC_STRINGS = YES;
				SWIFT_VERSION = 5.0;
				TARGETED_DEVICE_FAMILY = "1,2";
			};
			name = Debug;
		};
		24A5792029BC552E00495E6F /* Release */ = {
			isa = XCBuildConfiguration;
			buildSettings = {
				ASSETCATALOG_COMPILER_APPICON_NAME = AppIcon;
				ASSETCATALOG_COMPILER_GLOBAL_ACCENT_COLOR_NAME = AccentColor;
				CODE_SIGN_STYLE = Automatic;
				CURRENT_PROJECT_VERSION = 1;
				DEVELOPMENT_ASSET_PATHS = "\"StoleMyKia/Preview Content\"";
				DEVELOPMENT_TEAM = H5L7QT5U7B;
				ENABLE_PREVIEWS = YES;
				GENERATE_INFOPLIST_FILE = YES;
				INFOPLIST_KEY_NSLocationWhenInUseUsageDescription = "Using your location, you'll be able to see reports nearests you.\\n\\n";
				INFOPLIST_KEY_UIApplicationSceneManifest_Generation = YES;
				INFOPLIST_KEY_UIApplicationSupportsIndirectInputEvents = YES;
				INFOPLIST_KEY_UILaunchScreen_Generation = YES;
				INFOPLIST_KEY_UISupportedInterfaceOrientations_iPad = "UIInterfaceOrientationPortrait UIInterfaceOrientationPortraitUpsideDown UIInterfaceOrientationLandscapeLeft UIInterfaceOrientationLandscapeRight";
				INFOPLIST_KEY_UISupportedInterfaceOrientations_iPhone = "UIInterfaceOrientationPortrait UIInterfaceOrientationLandscapeLeft UIInterfaceOrientationLandscapeRight";
				LD_RUNPATH_SEARCH_PATHS = (
					"$(inherited)",
					"@executable_path/Frameworks",
				);
				MARKETING_VERSION = 1.0;
				PRODUCT_BUNDLE_IDENTIFIER = JaylenKSmith.StoleMyKia;
				PRODUCT_NAME = "$(TARGET_NAME)";
				SWIFT_EMIT_LOC_STRINGS = YES;
				SWIFT_VERSION = 5.0;
				TARGETED_DEVICE_FAMILY = "1,2";
			};
			name = Release;
		};
/* End XCBuildConfiguration section */

/* Begin XCConfigurationList section */
		24A5790B29BC552C00495E6F /* Build configuration list for PBXProject "StoleMyKia" */ = {
			isa = XCConfigurationList;
			buildConfigurations = (
				24A5791C29BC552E00495E6F /* Debug */,
				24A5791D29BC552E00495E6F /* Release */,
			);
			defaultConfigurationIsVisible = 0;
			defaultConfigurationName = Release;
		};
		24A5791E29BC552E00495E6F /* Build configuration list for PBXNativeTarget "StoleMyKia" */ = {
			isa = XCConfigurationList;
			buildConfigurations = (
				24A5791F29BC552E00495E6F /* Debug */,
				24A5792029BC552E00495E6F /* Release */,
			);
			defaultConfigurationIsVisible = 0;
			defaultConfigurationName = Release;
		};
/* End XCConfigurationList section */
	};
	rootObject = 24A5790829BC552C00495E6F /* Project object */;
}
