// !$*UTF8*$!
{
	archiveVersion = 1;
	classes = {
	};
	objectVersion = 56;
	objects = {

/* Begin PBXBuildFile section */
		240910C42A64639E00DC699A /* FirebaseAuthViewModel.swift in Sources */ = {isa = PBXBuildFile; fileRef = 240910C32A64639E00DC699A /* FirebaseAuthViewModel.swift */; };
		240CD8C92A60A49800D04D1A /* FirebaseDatabasesPaths.swift in Sources */ = {isa = PBXBuildFile; fileRef = 240CD8C82A60A49800D04D1A /* FirebaseDatabasesPaths.swift */; };
		240F222E2A3211810078F97E /* Drawer.swift in Sources */ = {isa = PBXBuildFile; fileRef = 240F222D2A3211810078F97E /* Drawer.swift */; };
		240F22422A33F0020078F97E /* README.rtf in Resources */ = {isa = PBXBuildFile; fileRef = 240F22412A33F0020078F97E /* README.rtf */; };
		240F22452A33F10A0078F97E /* FirebaseUserNotification.swift in Sources */ = {isa = PBXBuildFile; fileRef = 240F22442A33F10A0078F97E /* FirebaseUserNotification.swift */; };
		240F22472A34FEF70078F97E /* FirebaseAuth.swift in Sources */ = {isa = PBXBuildFile; fileRef = 240F22462A34FEF70078F97E /* FirebaseAuth.swift */; };
		240F22492A350AD30078F97E /* LicenseScannerDelegate.swift in Sources */ = {isa = PBXBuildFile; fileRef = 240F22482A350AD30078F97E /* LicenseScannerDelegate.swift */; };
		24127C1F29E3F4AC00C09FE5 /* Launch Screen.storyboard in Resources */ = {isa = PBXBuildFile; fileRef = 24127C1E29E3F4AC00C09FE5 /* Launch Screen.storyboard */; };
		2425EAF92A003CDE00CC886F /* NavigationController.swift in Sources */ = {isa = PBXBuildFile; fileRef = 2425EAF82A003CDE00CC886F /* NavigationController.swift */; };
		2426A6192A2345EF00E78647 /* FirebaseUserDelegate.swift in Sources */ = {isa = PBXBuildFile; fileRef = 2426A6182A2345EF00E78647 /* FirebaseUserDelegate.swift */; };
		2426A61B2A23461300E78647 /* ReportsDelegate.swift in Sources */ = {isa = PBXBuildFile; fileRef = 2426A61A2A23461300E78647 /* ReportsDelegate.swift */; };
		2426A6202A23475A00E78647 /* ReportClusterAnnotationView.swift in Sources */ = {isa = PBXBuildFile; fileRef = 2426A61F2A23475A00E78647 /* ReportClusterAnnotationView.swift */; };
		2426A62A2A243F0E00E78647 /* AnnotationCalloutDelegate.swift in Sources */ = {isa = PBXBuildFile; fileRef = 2426A6292A243F0E00E78647 /* AnnotationCalloutDelegate.swift */; };
		24334CFB29C0E0130084B8EC /* UIImage+EXT.swift in Sources */ = {isa = PBXBuildFile; fileRef = 24334CFA29C0E0130084B8EC /* UIImage+EXT.swift */; };
		24334CFD29C1846C0084B8EC /* Image+EXT.swift in Sources */ = {isa = PBXBuildFile; fileRef = 24334CFC29C1846C0084B8EC /* Image+EXT.swift */; };
		24334D0129C187800084B8EC /* Reports.xcdatamodeld in Sources */ = {isa = PBXBuildFile; fileRef = 24334CFF29C187800084B8EC /* Reports.xcdatamodeld */; };
		24334D0429C19E100084B8EC /* UIImagePicker.swift in Sources */ = {isa = PBXBuildFile; fileRef = 24334D0329C19E100084B8EC /* UIImagePicker.swift */; };
		24334D0629C1A0E10084B8EC /* View+EXT.swift in Sources */ = {isa = PBXBuildFile; fileRef = 24334D0529C1A0E10084B8EC /* View+EXT.swift */; };
		2437328029BEF8FC008F4C4E /* NotificationViewModel.swift in Sources */ = {isa = PBXBuildFile; fileRef = 2437327F29BEF8FC008F4C4E /* NotificationViewModel.swift */; };
		2448C3A52A2A3B1800A72D9F /* JSONSerial+EXT.swift in Sources */ = {isa = PBXBuildFile; fileRef = 2448C3A42A2A3B1800A72D9F /* JSONSerial+EXT.swift */; };
		244BF51929D33F4E00951765 /* ImageCache.swift in Sources */ = {isa = PBXBuildFile; fileRef = 244BF51829D33F4E00951765 /* ImageCache.swift */; };
		245B391729E39159001DD213 /* Color+EXT.swift in Sources */ = {isa = PBXBuildFile; fileRef = 245B391629E39159001DD213 /* Color+EXT.swift */; };
		245B391D29E39E49001DD213 /* VehicleMake.swift in Sources */ = {isa = PBXBuildFile; fileRef = 245B391C29E39E49001DD213 /* VehicleMake.swift */; };
		245B391F29E39E55001DD213 /* VehicleModel.swift in Sources */ = {isa = PBXBuildFile; fileRef = 245B391E29E39E55001DD213 /* VehicleModel.swift */; };
		245B392129E39E90001DD213 /* ReportType.swift in Sources */ = {isa = PBXBuildFile; fileRef = 245B392029E39E90001DD213 /* ReportType.swift */; };
		245B392329E39EC1001DD213 /* VehicleColor.swift in Sources */ = {isa = PBXBuildFile; fileRef = 245B392229E39EC1001DD213 /* VehicleColor.swift */; };
		248278D72A03054C00C1E99D /* UISheetPC.swift in Sources */ = {isa = PBXBuildFile; fileRef = 248278D62A03054C00C1E99D /* UISheetPC.swift */; };
		24848AB72A61E38E003E037E /* LicenseTextDetectionManager.swift in Sources */ = {isa = PBXBuildFile; fileRef = 24848AB62A61E38E003E037E /* LicenseTextDetectionManager.swift */; };
		248636AC2A3BCBE90092E184 /* PartialSheet in Frameworks */ = {isa = PBXBuildFile; productRef = 248636AB2A3BCBE90092E184 /* PartialSheet */; };
		249254A62A37CA590037C43C /* UIHostingController.swift in Sources */ = {isa = PBXBuildFile; fileRef = 249254A52A37CA590037C43C /* UIHostingController.swift */; };
		2495A02029CAC3DE00457CE7 /* Date+EXT.swift in Sources */ = {isa = PBXBuildFile; fileRef = 2495A01F29CAC3DE00457CE7 /* Date+EXT.swift */; };
		2495A02229CAC5DF00457CE7 /* String+EXT.swift in Sources */ = {isa = PBXBuildFile; fileRef = 2495A02129CAC5DF00457CE7 /* String+EXT.swift */; };
		24A2068E2A07A18B00F5DC0C /* User.swift in Sources */ = {isa = PBXBuildFile; fileRef = 24A2068D2A07A18B00F5DC0C /* User.swift */; };
		24A206902A0826BE00F5DC0C /* FirebaseUserManager.swift in Sources */ = {isa = PBXBuildFile; fileRef = 24A2068F2A0826BE00F5DC0C /* FirebaseUserManager.swift */; };
		24A206922A08270300F5DC0C /* Vehicle.swift in Sources */ = {isa = PBXBuildFile; fileRef = 24A206912A08270300F5DC0C /* Vehicle.swift */; };
		24A206952A08334400F5DC0C /* Location.swift in Sources */ = {isa = PBXBuildFile; fileRef = 24A206942A08334400F5DC0C /* Location.swift */; };
		24A4CEDE29BFA2CE00B856BC /* UNAuth+EXT.swift in Sources */ = {isa = PBXBuildFile; fileRef = 24A4CEDD29BFA2CE00B856BC /* UNAuth+EXT.swift */; };
		24A4CEE029BFA65100B856BC /* URL+EXT.swift in Sources */ = {isa = PBXBuildFile; fileRef = 24A4CEDF29BFA65100B856BC /* URL+EXT.swift */; };
		24A4CEE429BFAC7100B856BC /* CLLocation+EXT.swift in Sources */ = {isa = PBXBuildFile; fileRef = 24A4CEE329BFAC7100B856BC /* CLLocation+EXT.swift */; };
		24A4CEE729C04CBA00B856BC /* ReportAnnotationCallout.swift in Sources */ = {isa = PBXBuildFile; fileRef = 24A4CEE629C04CBA00B856BC /* ReportAnnotationCallout.swift */; };
		24A5791429BC552C00495E6F /* StoleMyKiaApp.swift in Sources */ = {isa = PBXBuildFile; fileRef = 24A5791329BC552C00495E6F /* StoleMyKiaApp.swift */; };
		24A5791829BC552E00495E6F /* Assets.xcassets in Resources */ = {isa = PBXBuildFile; fileRef = 24A5791729BC552E00495E6F /* Assets.xcassets */; };
		24A5791B29BC552E00495E6F /* Preview Assets.xcassets in Resources */ = {isa = PBXBuildFile; fileRef = 24A5791A29BC552E00495E6F /* Preview Assets.xcassets */; };
		24A5792929BC567F00495E6F /* ReportAnnotation.swift in Sources */ = {isa = PBXBuildFile; fileRef = 24A5792829BC567F00495E6F /* ReportAnnotation.swift */; };
		24A5792C29BC56B000495E6F /* Report.swift in Sources */ = {isa = PBXBuildFile; fileRef = 24A5792B29BC56B000495E6F /* Report.swift */; };
		24A5792F29BC5C8700495E6F /* ReportsViewModel.swift in Sources */ = {isa = PBXBuildFile; fileRef = 24A5792E29BC5C8700495E6F /* ReportsViewModel.swift */; };
		24A662F729C2F45B00AD784F /* ReportsManager.swift in Sources */ = {isa = PBXBuildFile; fileRef = 24A662F629C2F45B00AD784F /* ReportsManager.swift */; };
		24A662FA29C592FF00AD784F /* ReportClusterAnnotation.swift in Sources */ = {isa = PBXBuildFile; fileRef = 24A662F929C592FF00AD784F /* ReportClusterAnnotation.swift */; };
		24A662FC29C6DD5100AD784F /* UNUserNC+EXT.swift in Sources */ = {isa = PBXBuildFile; fileRef = 24A662FB29C6DD5100AD784F /* UNUserNC+EXT.swift */; };
		24AAC49A29CC1A6400125196 /* AES+EXT.swift in Sources */ = {isa = PBXBuildFile; fileRef = 24AAC49929CC1A6400125196 /* AES+EXT.swift */; };
		24B071A12A363E30000C6B75 /* ReportTimelimeAnnotationView.swift in Sources */ = {isa = PBXBuildFile; fileRef = 24B071A02A363E30000C6B75 /* ReportTimelimeAnnotationView.swift */; };
		24B897EC29CF5A3B0003BCC8 /* UserViewModel.swift in Sources */ = {isa = PBXBuildFile; fileRef = 24B897EB29CF5A3B0003BCC8 /* UserViewModel.swift */; };
		24C6983A2A402ECD003A1DE6 /* ReportRole.swift in Sources */ = {isa = PBXBuildFile; fileRef = 24C698392A402ECD003A1DE6 /* ReportRole.swift */; };
		24CC5DDA2A7451590078C921 /* Views in Resources */ = {isa = PBXBuildFile; fileRef = 24CC5DD92A7451590078C921 /* Views */; };
		24EAF11729C2A02900B4CBFE /* SFSafariView.swift in Sources */ = {isa = PBXBuildFile; fileRef = 24EAF11629C2A02900B4CBFE /* SFSafariView.swift */; };
		24EAF11B29C2C10200B4CBFE /* GoogleService-Info.plist in Resources */ = {isa = PBXBuildFile; fileRef = 24EAF11A29C2C10200B4CBFE /* GoogleService-Info.plist */; };
		24EE41142A59E0FD00AF2A11 /* LicnesePlateDectectionManager.swift in Sources */ = {isa = PBXBuildFile; fileRef = 24EE41132A59E0FD00AF2A11 /* LicnesePlateDectectionManager.swift */; };
		24EE41162A5A84FB00AF2A11 /* StorageManager.swift in Sources */ = {isa = PBXBuildFile; fileRef = 24EE41152A5A84FB00AF2A11 /* StorageManager.swift */; };
		24EE41182A5BB42D00AF2A11 /* QuerySnapshot.swift in Sources */ = {isa = PBXBuildFile; fileRef = 24EE41172A5BB42D00AF2A11 /* QuerySnapshot.swift */; };
		24FA56BA2A29284D0074149B /* UIActivityVC.swift in Sources */ = {isa = PBXBuildFile; fileRef = 24FA56B92A29284D0074149B /* UIActivityVC.swift */; };
		9A8DEA661C19F27F74C6B340 /* Pods_StoleMyKia.framework in Frameworks */ = {isa = PBXBuildFile; fileRef = 197A31A21B533A0B83DC4715 /* Pods_StoleMyKia.framework */; };
/* End PBXBuildFile section */

/* Begin PBXFileReference section */
		197A31A21B533A0B83DC4715 /* Pods_StoleMyKia.framework */ = {isa = PBXFileReference; explicitFileType = wrapper.framework; includeInIndex = 0; path = Pods_StoleMyKia.framework; sourceTree = BUILT_PRODUCTS_DIR; };
		240910C32A64639E00DC699A /* FirebaseAuthViewModel.swift */ = {isa = PBXFileReference; lastKnownFileType = sourcecode.swift; path = FirebaseAuthViewModel.swift; sourceTree = "<group>"; };
		240CD8C82A60A49800D04D1A /* FirebaseDatabasesPaths.swift */ = {isa = PBXFileReference; lastKnownFileType = sourcecode.swift; path = FirebaseDatabasesPaths.swift; sourceTree = "<group>"; };
		240F222D2A3211810078F97E /* Drawer.swift */ = {isa = PBXFileReference; lastKnownFileType = sourcecode.swift; path = Drawer.swift; sourceTree = "<group>"; };
		240F22412A33F0020078F97E /* README.rtf */ = {isa = PBXFileReference; lastKnownFileType = text.rtf; path = README.rtf; sourceTree = "<group>"; };
		240F22442A33F10A0078F97E /* FirebaseUserNotification.swift */ = {isa = PBXFileReference; lastKnownFileType = sourcecode.swift; path = FirebaseUserNotification.swift; sourceTree = "<group>"; };
		240F22462A34FEF70078F97E /* FirebaseAuth.swift */ = {isa = PBXFileReference; lastKnownFileType = sourcecode.swift; path = FirebaseAuth.swift; sourceTree = "<group>"; };
		240F22482A350AD30078F97E /* LicenseScannerDelegate.swift */ = {isa = PBXFileReference; lastKnownFileType = sourcecode.swift; path = LicenseScannerDelegate.swift; sourceTree = "<group>"; };
		24127C1E29E3F4AC00C09FE5 /* Launch Screen.storyboard */ = {isa = PBXFileReference; lastKnownFileType = file.storyboard; path = "Launch Screen.storyboard"; sourceTree = "<group>"; };
		2425EAF82A003CDE00CC886F /* NavigationController.swift */ = {isa = PBXFileReference; lastKnownFileType = sourcecode.swift; path = NavigationController.swift; sourceTree = "<group>"; };
		2426A6182A2345EF00E78647 /* FirebaseUserDelegate.swift */ = {isa = PBXFileReference; lastKnownFileType = sourcecode.swift; path = FirebaseUserDelegate.swift; sourceTree = "<group>"; };
		2426A61A2A23461300E78647 /* ReportsDelegate.swift */ = {isa = PBXFileReference; lastKnownFileType = sourcecode.swift; path = ReportsDelegate.swift; sourceTree = "<group>"; };
		2426A61F2A23475A00E78647 /* ReportClusterAnnotationView.swift */ = {isa = PBXFileReference; lastKnownFileType = sourcecode.swift; path = ReportClusterAnnotationView.swift; sourceTree = "<group>"; };
		2426A6292A243F0E00E78647 /* AnnotationCalloutDelegate.swift */ = {isa = PBXFileReference; lastKnownFileType = sourcecode.swift; path = AnnotationCalloutDelegate.swift; sourceTree = "<group>"; };
		24334CFA29C0E0130084B8EC /* UIImage+EXT.swift */ = {isa = PBXFileReference; lastKnownFileType = sourcecode.swift; path = "UIImage+EXT.swift"; sourceTree = "<group>"; };
		24334CFC29C1846C0084B8EC /* Image+EXT.swift */ = {isa = PBXFileReference; lastKnownFileType = sourcecode.swift; path = "Image+EXT.swift"; sourceTree = "<group>"; };
		24334D0029C187800084B8EC /* Bookmark.xcdatamodel */ = {isa = PBXFileReference; lastKnownFileType = wrapper.xcdatamodel; path = Bookmark.xcdatamodel; sourceTree = "<group>"; };
		24334D0329C19E100084B8EC /* UIImagePicker.swift */ = {isa = PBXFileReference; lastKnownFileType = sourcecode.swift; path = UIImagePicker.swift; sourceTree = "<group>"; };
		24334D0529C1A0E10084B8EC /* View+EXT.swift */ = {isa = PBXFileReference; lastKnownFileType = sourcecode.swift; path = "View+EXT.swift"; sourceTree = "<group>"; };
		2437327F29BEF8FC008F4C4E /* NotificationViewModel.swift */ = {isa = PBXFileReference; lastKnownFileType = sourcecode.swift; path = NotificationViewModel.swift; sourceTree = "<group>"; };
		2448C3A42A2A3B1800A72D9F /* JSONSerial+EXT.swift */ = {isa = PBXFileReference; lastKnownFileType = sourcecode.swift; path = "JSONSerial+EXT.swift"; sourceTree = "<group>"; };
		244BF51829D33F4E00951765 /* ImageCache.swift */ = {isa = PBXFileReference; lastKnownFileType = sourcecode.swift; path = ImageCache.swift; sourceTree = "<group>"; };
		245B391629E39159001DD213 /* Color+EXT.swift */ = {isa = PBXFileReference; lastKnownFileType = sourcecode.swift; path = "Color+EXT.swift"; sourceTree = "<group>"; };
		245B391C29E39E49001DD213 /* VehicleMake.swift */ = {isa = PBXFileReference; lastKnownFileType = sourcecode.swift; path = VehicleMake.swift; sourceTree = "<group>"; };
		245B391E29E39E55001DD213 /* VehicleModel.swift */ = {isa = PBXFileReference; lastKnownFileType = sourcecode.swift; path = VehicleModel.swift; sourceTree = "<group>"; };
		245B392029E39E90001DD213 /* ReportType.swift */ = {isa = PBXFileReference; lastKnownFileType = sourcecode.swift; path = ReportType.swift; sourceTree = "<group>"; };
		245B392229E39EC1001DD213 /* VehicleColor.swift */ = {isa = PBXFileReference; lastKnownFileType = sourcecode.swift; path = VehicleColor.swift; sourceTree = "<group>"; };
		248278D62A03054C00C1E99D /* UISheetPC.swift */ = {isa = PBXFileReference; lastKnownFileType = sourcecode.swift; path = UISheetPC.swift; sourceTree = "<group>"; };
		24848AB62A61E38E003E037E /* LicenseTextDetectionManager.swift */ = {isa = PBXFileReference; lastKnownFileType = sourcecode.swift; path = LicenseTextDetectionManager.swift; sourceTree = "<group>"; };
		249254A52A37CA590037C43C /* UIHostingController.swift */ = {isa = PBXFileReference; lastKnownFileType = sourcecode.swift; path = UIHostingController.swift; sourceTree = "<group>"; };
		2495A01F29CAC3DE00457CE7 /* Date+EXT.swift */ = {isa = PBXFileReference; lastKnownFileType = sourcecode.swift; path = "Date+EXT.swift"; sourceTree = "<group>"; };
		2495A02129CAC5DF00457CE7 /* String+EXT.swift */ = {isa = PBXFileReference; lastKnownFileType = sourcecode.swift; path = "String+EXT.swift"; sourceTree = "<group>"; };
		24A2068D2A07A18B00F5DC0C /* User.swift */ = {isa = PBXFileReference; lastKnownFileType = sourcecode.swift; path = User.swift; sourceTree = "<group>"; };
		24A2068F2A0826BE00F5DC0C /* FirebaseUserManager.swift */ = {isa = PBXFileReference; lastKnownFileType = sourcecode.swift; path = FirebaseUserManager.swift; sourceTree = "<group>"; };
		24A206912A08270300F5DC0C /* Vehicle.swift */ = {isa = PBXFileReference; lastKnownFileType = sourcecode.swift; path = Vehicle.swift; sourceTree = "<group>"; };
		24A206942A08334400F5DC0C /* Location.swift */ = {isa = PBXFileReference; lastKnownFileType = sourcecode.swift; path = Location.swift; sourceTree = "<group>"; };
		24A206962A08D29E00F5DC0C /* StoleMyKia.entitlements */ = {isa = PBXFileReference; lastKnownFileType = text.plist.entitlements; path = StoleMyKia.entitlements; sourceTree = "<group>"; };
		24A4CEDD29BFA2CE00B856BC /* UNAuth+EXT.swift */ = {isa = PBXFileReference; lastKnownFileType = sourcecode.swift; path = "UNAuth+EXT.swift"; sourceTree = "<group>"; };
		24A4CEDF29BFA65100B856BC /* URL+EXT.swift */ = {isa = PBXFileReference; lastKnownFileType = sourcecode.swift; path = "URL+EXT.swift"; sourceTree = "<group>"; };
		24A4CEE329BFAC7100B856BC /* CLLocation+EXT.swift */ = {isa = PBXFileReference; lastKnownFileType = sourcecode.swift; path = "CLLocation+EXT.swift"; sourceTree = "<group>"; };
		24A4CEE629C04CBA00B856BC /* ReportAnnotationCallout.swift */ = {isa = PBXFileReference; lastKnownFileType = sourcecode.swift; path = ReportAnnotationCallout.swift; sourceTree = "<group>"; };
		24A5791029BC552C00495E6F /* StoleMyKia.app */ = {isa = PBXFileReference; explicitFileType = wrapper.application; includeInIndex = 0; path = StoleMyKia.app; sourceTree = BUILT_PRODUCTS_DIR; };
		24A5791329BC552C00495E6F /* StoleMyKiaApp.swift */ = {isa = PBXFileReference; lastKnownFileType = sourcecode.swift; path = StoleMyKiaApp.swift; sourceTree = "<group>"; };
		24A5791729BC552E00495E6F /* Assets.xcassets */ = {isa = PBXFileReference; lastKnownFileType = folder.assetcatalog; path = Assets.xcassets; sourceTree = "<group>"; };
		24A5791A29BC552E00495E6F /* Preview Assets.xcassets */ = {isa = PBXFileReference; lastKnownFileType = folder.assetcatalog; path = "Preview Assets.xcassets"; sourceTree = "<group>"; };
		24A5792829BC567F00495E6F /* ReportAnnotation.swift */ = {isa = PBXFileReference; lastKnownFileType = sourcecode.swift; path = ReportAnnotation.swift; sourceTree = "<group>"; };
		24A5792B29BC56B000495E6F /* Report.swift */ = {isa = PBXFileReference; lastKnownFileType = sourcecode.swift; path = Report.swift; sourceTree = "<group>"; };
		24A5792E29BC5C8700495E6F /* ReportsViewModel.swift */ = {isa = PBXFileReference; lastKnownFileType = sourcecode.swift; path = ReportsViewModel.swift; sourceTree = "<group>"; };
		24A662F629C2F45B00AD784F /* ReportsManager.swift */ = {isa = PBXFileReference; lastKnownFileType = sourcecode.swift; path = ReportsManager.swift; sourceTree = "<group>"; };
		24A662F929C592FF00AD784F /* ReportClusterAnnotation.swift */ = {isa = PBXFileReference; lastKnownFileType = sourcecode.swift; path = ReportClusterAnnotation.swift; sourceTree = "<group>"; };
		24A662FB29C6DD5100AD784F /* UNUserNC+EXT.swift */ = {isa = PBXFileReference; lastKnownFileType = sourcecode.swift; path = "UNUserNC+EXT.swift"; sourceTree = "<group>"; };
		24AAC49929CC1A6400125196 /* AES+EXT.swift */ = {isa = PBXFileReference; lastKnownFileType = sourcecode.swift; path = "AES+EXT.swift"; sourceTree = "<group>"; };
		24B071A02A363E30000C6B75 /* ReportTimelimeAnnotationView.swift */ = {isa = PBXFileReference; lastKnownFileType = sourcecode.swift; path = ReportTimelimeAnnotationView.swift; sourceTree = "<group>"; };
		24B897EB29CF5A3B0003BCC8 /* UserViewModel.swift */ = {isa = PBXFileReference; lastKnownFileType = sourcecode.swift; path = UserViewModel.swift; sourceTree = "<group>"; };
		24C698392A402ECD003A1DE6 /* ReportRole.swift */ = {isa = PBXFileReference; lastKnownFileType = sourcecode.swift; path = ReportRole.swift; sourceTree = "<group>"; };
		24CC5DD92A7451590078C921 /* Views */ = {isa = PBXFileReference; lastKnownFileType = folder; name = Views; path = ../Views; sourceTree = "<group>"; };
		24EAF11629C2A02900B4CBFE /* SFSafariView.swift */ = {isa = PBXFileReference; lastKnownFileType = sourcecode.swift; path = SFSafariView.swift; sourceTree = "<group>"; };
		24EAF11A29C2C10200B4CBFE /* GoogleService-Info.plist */ = {isa = PBXFileReference; fileEncoding = 4; lastKnownFileType = text.plist.xml; path = "GoogleService-Info.plist"; sourceTree = "<group>"; };
		24EE41132A59E0FD00AF2A11 /* LicnesePlateDectectionManager.swift */ = {isa = PBXFileReference; lastKnownFileType = sourcecode.swift; path = LicnesePlateDectectionManager.swift; sourceTree = "<group>"; };
		24EE41152A5A84FB00AF2A11 /* StorageManager.swift */ = {isa = PBXFileReference; lastKnownFileType = sourcecode.swift; path = StorageManager.swift; sourceTree = "<group>"; };
		24EE41172A5BB42D00AF2A11 /* QuerySnapshot.swift */ = {isa = PBXFileReference; lastKnownFileType = sourcecode.swift; path = QuerySnapshot.swift; sourceTree = "<group>"; };
		24FA56B92A29284D0074149B /* UIActivityVC.swift */ = {isa = PBXFileReference; lastKnownFileType = sourcecode.swift; path = UIActivityVC.swift; sourceTree = "<group>"; };
		562368835F2B675102514EA4 /* Pods-StoleMyKia.release.xcconfig */ = {isa = PBXFileReference; includeInIndex = 1; lastKnownFileType = text.xcconfig; name = "Pods-StoleMyKia.release.xcconfig"; path = "Target Support Files/Pods-StoleMyKia/Pods-StoleMyKia.release.xcconfig"; sourceTree = "<group>"; };
		CB1F3C6B9B65B1A9366554C7 /* Pods-StoleMyKia.debug.xcconfig */ = {isa = PBXFileReference; includeInIndex = 1; lastKnownFileType = text.xcconfig; name = "Pods-StoleMyKia.debug.xcconfig"; path = "Target Support Files/Pods-StoleMyKia/Pods-StoleMyKia.debug.xcconfig"; sourceTree = "<group>"; };
/* End PBXFileReference section */

/* Begin PBXFrameworksBuildPhase section */
		24A5790D29BC552C00495E6F /* Frameworks */ = {
			isa = PBXFrameworksBuildPhase;
			buildActionMask = 2147483647;
			files = (
				248636AC2A3BCBE90092E184 /* PartialSheet in Frameworks */,
				9A8DEA661C19F27F74C6B340 /* Pods_StoleMyKia.framework in Frameworks */,
			);
			runOnlyForDeploymentPostprocessing = 0;
		};
/* End PBXFrameworksBuildPhase section */

/* Begin PBXGroup section */
		240F222C2A3211720078F97E /* Drawer */ = {
			isa = PBXGroup;
			children = (
				240F222D2A3211810078F97E /* Drawer.swift */,
			);
			path = Drawer;
			sourceTree = "<group>";
		};
		240F22432A33F0FB0078F97E /* Notification */ = {
			isa = PBXGroup;
			children = (
				240F22442A33F10A0078F97E /* FirebaseUserNotification.swift */,
			);
			path = Notification;
			sourceTree = "<group>";
		};
		241D2FFE29BFF88D00E78792 /* Annotations */ = {
			isa = PBXGroup;
			children = (
				2426A6212A23494000E78647 /* Report */,
				2426A61E2A23474D00E78647 /* Cluster */,
			);
			path = Annotations;
			sourceTree = "<group>";
		};
		2426A6162A2345CB00E78647 /* Utilities */ = {
			isa = PBXGroup;
			children = (
				24EE41102A59E01F00AF2A11 /* CoreML */,
				240F222C2A3211720078F97E /* Drawer */,
				24334CFE29C187620084B8EC /* CoreData */,
				24A4CEDC29BFA2C100B856BC /* Extensions */,
			);
			path = Utilities;
			sourceTree = "<group>";
		};
		2426A6172A2345DE00E78647 /* Protocols */ = {
			isa = PBXGroup;
			children = (
				2426A6182A2345EF00E78647 /* FirebaseUserDelegate.swift */,
				2426A61A2A23461300E78647 /* ReportsDelegate.swift */,
				2426A6292A243F0E00E78647 /* AnnotationCalloutDelegate.swift */,
				240F22482A350AD30078F97E /* LicenseScannerDelegate.swift */,
			);
			path = Protocols;
			sourceTree = "<group>";
		};
		2426A61E2A23474D00E78647 /* Cluster */ = {
			isa = PBXGroup;
			children = (
				24A662F929C592FF00AD784F /* ReportClusterAnnotation.swift */,
				2426A61F2A23475A00E78647 /* ReportClusterAnnotationView.swift */,
			);
			path = Cluster;
			sourceTree = "<group>";
		};
		2426A6212A23494000E78647 /* Report */ = {
			isa = PBXGroup;
			children = (
				24A5792829BC567F00495E6F /* ReportAnnotation.swift */,
				24B071A02A363E30000C6B75 /* ReportTimelimeAnnotationView.swift */,
				24A4CEE629C04CBA00B856BC /* ReportAnnotationCallout.swift */,
			);
			path = Report;
			sourceTree = "<group>";
		};
		24334CFE29C187620084B8EC /* CoreData */ = {
			isa = PBXGroup;
			children = (
				24334CFF29C187800084B8EC /* Reports.xcdatamodeld */,
			);
			path = CoreData;
			sourceTree = "<group>";
		};
		24334D0229C19DF70084B8EC /* UIKit */ = {
			isa = PBXGroup;
			children = (
				24A662F829C592CA00AD784F /* MKMapView */,
				2425EAF82A003CDE00CC886F /* NavigationController.swift */,
				24334D0329C19E100084B8EC /* UIImagePicker.swift */,
				24EAF11629C2A02900B4CBFE /* SFSafariView.swift */,
				248278D62A03054C00C1E99D /* UISheetPC.swift */,
				24FA56B92A29284D0074149B /* UIActivityVC.swift */,
				249254A52A37CA590037C43C /* UIHostingController.swift */,
			);
			path = UIKit;
			sourceTree = "<group>";
		};
		245B391B29E39E2C001DD213 /* Reports */ = {
			isa = PBXGroup;
			children = (
				24A5792B29BC56B000495E6F /* Report.swift */,
				24C698392A402ECD003A1DE6 /* ReportRole.swift */,
				245B392029E39E90001DD213 /* ReportType.swift */,
			);
			path = Reports;
			sourceTree = "<group>";
		};
		24A206932A08310300F5DC0C /* Vehicle */ = {
			isa = PBXGroup;
			children = (
				24A206912A08270300F5DC0C /* Vehicle.swift */,
				245B391C29E39E49001DD213 /* VehicleMake.swift */,
				245B391E29E39E55001DD213 /* VehicleModel.swift */,
				245B392229E39EC1001DD213 /* VehicleColor.swift */,
			);
			path = Vehicle;
			sourceTree = "<group>";
		};
		24A4CEDC29BFA2C100B856BC /* Extensions */ = {
			isa = PBXGroup;
			children = (
				24A4CEDD29BFA2CE00B856BC /* UNAuth+EXT.swift */,
				24A4CEDF29BFA65100B856BC /* URL+EXT.swift */,
				24334CFC29C1846C0084B8EC /* Image+EXT.swift */,
				24A4CEE329BFAC7100B856BC /* CLLocation+EXT.swift */,
				24334CFA29C0E0130084B8EC /* UIImage+EXT.swift */,
				24334D0529C1A0E10084B8EC /* View+EXT.swift */,
				24A662FB29C6DD5100AD784F /* UNUserNC+EXT.swift */,
				2495A01F29CAC3DE00457CE7 /* Date+EXT.swift */,
				2495A02129CAC5DF00457CE7 /* String+EXT.swift */,
				24AAC49929CC1A6400125196 /* AES+EXT.swift */,
				245B391629E39159001DD213 /* Color+EXT.swift */,
				2448C3A42A2A3B1800A72D9F /* JSONSerial+EXT.swift */,
				240F22462A34FEF70078F97E /* FirebaseAuth.swift */,
				24EE41172A5BB42D00AF2A11 /* QuerySnapshot.swift */,
			);
			path = Extensions;
			sourceTree = "<group>";
		};
		24A5790729BC552C00495E6F = {
			isa = PBXGroup;
			children = (
				24A5791229BC552C00495E6F /* StoleMyKia */,
				24A5791129BC552C00495E6F /* Products */,
				6038246990B0B9DAE005F8EA /* Pods */,
				D5F7A8C256A07441AB8A53B9 /* Frameworks */,
			);
			sourceTree = "<group>";
		};
		24A5791129BC552C00495E6F /* Products */ = {
			isa = PBXGroup;
			children = (
				24A5791029BC552C00495E6F /* StoleMyKia.app */,
			);
			name = Products;
			sourceTree = "<group>";
		};
		24A5791229BC552C00495E6F /* StoleMyKia */ = {
			isa = PBXGroup;
			children = (
				24A206962A08D29E00F5DC0C /* StoleMyKia.entitlements */,
				24A5791329BC552C00495E6F /* StoleMyKiaApp.swift */,
				240F22412A33F0020078F97E /* README.rtf */,
				24A5791729BC552E00495E6F /* Assets.xcassets */,
				24127C1E29E3F4AC00C09FE5 /* Launch Screen.storyboard */,
				24EAF11A29C2C10200B4CBFE /* GoogleService-Info.plist */,
				24CC5DD92A7451590078C921 /* Views */,
				2426A6172A2345DE00E78647 /* Protocols */,
				24A662F529C2F34700AD784F /* Network */,
				2426A6162A2345CB00E78647 /* Utilities */,
				24A5792A29BC56A600495E6F /* Models */,
				24A5792D29BC5C7B00495E6F /* View Models */,
				24334D0229C19DF70084B8EC /* UIKit */,
				24A5791929BC552E00495E6F /* Preview Content */,
			);
			path = StoleMyKia;
			sourceTree = "<group>";
		};
		24A5791929BC552E00495E6F /* Preview Content */ = {
			isa = PBXGroup;
			children = (
				24A5791A29BC552E00495E6F /* Preview Assets.xcassets */,
			);
			path = "Preview Content";
			sourceTree = "<group>";
		};
		24A5792A29BC56A600495E6F /* Models */ = {
			isa = PBXGroup;
			children = (
				240F22432A33F0FB0078F97E /* Notification */,
				24A206932A08310300F5DC0C /* Vehicle */,
				245B391B29E39E2C001DD213 /* Reports */,
				24A2068D2A07A18B00F5DC0C /* User.swift */,
				24A206942A08334400F5DC0C /* Location.swift */,
			);
			path = Models;
			sourceTree = "<group>";
		};
		24A5792D29BC5C7B00495E6F /* View Models */ = {
			isa = PBXGroup;
			children = (
				24A5792E29BC5C8700495E6F /* ReportsViewModel.swift */,
				2437327F29BEF8FC008F4C4E /* NotificationViewModel.swift */,
				24B897EB29CF5A3B0003BCC8 /* UserViewModel.swift */,
				240910C32A64639E00DC699A /* FirebaseAuthViewModel.swift */,
			);
			path = "View Models";
			sourceTree = "<group>";
		};
		24A662F529C2F34700AD784F /* Network */ = {
			isa = PBXGroup;
			children = (
				240CD8C82A60A49800D04D1A /* FirebaseDatabasesPaths.swift */,
				24A662F629C2F45B00AD784F /* ReportsManager.swift */,
				24EE41152A5A84FB00AF2A11 /* StorageManager.swift */,
				24A2068F2A0826BE00F5DC0C /* FirebaseUserManager.swift */,
				244BF51829D33F4E00951765 /* ImageCache.swift */,
			);
			path = Network;
			sourceTree = "<group>";
		};
		24A662F829C592CA00AD784F /* MKMapView */ = {
			isa = PBXGroup;
			children = (
				241D2FFE29BFF88D00E78792 /* Annotations */,
			);
			path = MKMapView;
			sourceTree = "<group>";
		};
		24EE41102A59E01F00AF2A11 /* CoreML */ = {
			isa = PBXGroup;
			children = (
				24EE41132A59E0FD00AF2A11 /* LicnesePlateDectectionManager.swift */,
				24848AB62A61E38E003E037E /* LicenseTextDetectionManager.swift */,
			);
			path = CoreML;
			sourceTree = "<group>";
		};
		6038246990B0B9DAE005F8EA /* Pods */ = {
			isa = PBXGroup;
			children = (
				CB1F3C6B9B65B1A9366554C7 /* Pods-StoleMyKia.debug.xcconfig */,
				562368835F2B675102514EA4 /* Pods-StoleMyKia.release.xcconfig */,
			);
			path = Pods;
			sourceTree = "<group>";
		};
		D5F7A8C256A07441AB8A53B9 /* Frameworks */ = {
			isa = PBXGroup;
			children = (
				197A31A21B533A0B83DC4715 /* Pods_StoleMyKia.framework */,
			);
			name = Frameworks;
			sourceTree = "<group>";
		};
/* End PBXGroup section */

/* Begin PBXNativeTarget section */
		24A5790F29BC552C00495E6F /* StoleMyKia */ = {
			isa = PBXNativeTarget;
			buildConfigurationList = 24A5791E29BC552E00495E6F /* Build configuration list for PBXNativeTarget "StoleMyKia" */;
			buildPhases = (
				20AA9D4B464BAC6B495344AA /* [CP] Check Pods Manifest.lock */,
				24A5790C29BC552C00495E6F /* Sources */,
				24A5790D29BC552C00495E6F /* Frameworks */,
				24A5790E29BC552C00495E6F /* Resources */,
				93F76E43D2965F8C4FAED862 /* [CP] Embed Pods Frameworks */,
			);
			buildRules = (
			);
			dependencies = (
			);
			name = StoleMyKia;
			packageProductDependencies = (
				248636AB2A3BCBE90092E184 /* PartialSheet */,
			);
			productName = StoleMyKia;
			productReference = 24A5791029BC552C00495E6F /* StoleMyKia.app */;
			productType = "com.apple.product-type.application";
		};
/* End PBXNativeTarget section */

/* Begin PBXProject section */
		24A5790829BC552C00495E6F /* Project object */ = {
			isa = PBXProject;
			attributes = {
				BuildIndependentTargetsInParallel = 1;
				LastSwiftUpdateCheck = 1420;
				LastUpgradeCheck = 1420;
				TargetAttributes = {
					24A5790F29BC552C00495E6F = {
						CreatedOnToolsVersion = 14.2;
					};
				};
			};
			buildConfigurationList = 24A5790B29BC552C00495E6F /* Build configuration list for PBXProject "StoleMyKia" */;
			compatibilityVersion = "Xcode 14.0";
			developmentRegion = en;
			hasScannedForEncodings = 0;
			knownRegions = (
				en,
				Base,
			);
			mainGroup = 24A5790729BC552C00495E6F;
			packageReferences = (
				248636AA2A3BCBE90092E184 /* XCRemoteSwiftPackageReference "PartialSheet" */,
			);
			productRefGroup = 24A5791129BC552C00495E6F /* Products */;
			projectDirPath = "";
			projectRoot = "";
			targets = (
				24A5790F29BC552C00495E6F /* StoleMyKia */,
			);
		};
/* End PBXProject section */

/* Begin PBXResourcesBuildPhase section */
		24A5790E29BC552C00495E6F /* Resources */ = {
			isa = PBXResourcesBuildPhase;
			buildActionMask = 2147483647;
			files = (
				24A5791B29BC552E00495E6F /* Preview Assets.xcassets in Resources */,
				24A5791829BC552E00495E6F /* Assets.xcassets in Resources */,
				24127C1F29E3F4AC00C09FE5 /* Launch Screen.storyboard in Resources */,
				24CC5DDA2A7451590078C921 /* Views in Resources */,
				24EAF11B29C2C10200B4CBFE /* GoogleService-Info.plist in Resources */,
				240F22422A33F0020078F97E /* README.rtf in Resources */,
			);
			runOnlyForDeploymentPostprocessing = 0;
		};
/* End PBXResourcesBuildPhase section */

/* Begin PBXShellScriptBuildPhase section */
		20AA9D4B464BAC6B495344AA /* [CP] Check Pods Manifest.lock */ = {
			isa = PBXShellScriptBuildPhase;
			buildActionMask = 2147483647;
			files = (
			);
			inputFileListPaths = (
			);
			inputPaths = (
				"${PODS_PODFILE_DIR_PATH}/Podfile.lock",
				"${PODS_ROOT}/Manifest.lock",
			);
			name = "[CP] Check Pods Manifest.lock";
			outputFileListPaths = (
			);
			outputPaths = (
				"$(DERIVED_FILE_DIR)/Pods-StoleMyKia-checkManifestLockResult.txt",
			);
			runOnlyForDeploymentPostprocessing = 0;
			shellPath = /bin/sh;
			shellScript = "diff \"${PODS_PODFILE_DIR_PATH}/Podfile.lock\" \"${PODS_ROOT}/Manifest.lock\" > /dev/null\nif [ $? != 0 ] ; then\n    # print error to STDERR\n    echo \"error: The sandbox is not in sync with the Podfile.lock. Run 'pod install' or update your CocoaPods installation.\" >&2\n    exit 1\nfi\n# This output is used by Xcode 'outputs' to avoid re-running this script phase.\necho \"SUCCESS\" > \"${SCRIPT_OUTPUT_FILE_0}\"\n";
			showEnvVarsInLog = 0;
		};
		93F76E43D2965F8C4FAED862 /* [CP] Embed Pods Frameworks */ = {
			isa = PBXShellScriptBuildPhase;
			buildActionMask = 2147483647;
			files = (
			);
			inputFileListPaths = (
				"${PODS_ROOT}/Target Support Files/Pods-StoleMyKia/Pods-StoleMyKia-frameworks-${CONFIGURATION}-input-files.xcfilelist",
			);
			name = "[CP] Embed Pods Frameworks";
			outputFileListPaths = (
				"${PODS_ROOT}/Target Support Files/Pods-StoleMyKia/Pods-StoleMyKia-frameworks-${CONFIGURATION}-output-files.xcfilelist",
			);
			runOnlyForDeploymentPostprocessing = 0;
			shellPath = /bin/sh;
			shellScript = "\"${PODS_ROOT}/Target Support Files/Pods-StoleMyKia/Pods-StoleMyKia-frameworks.sh\"\n";
			showEnvVarsInLog = 0;
		};
/* End PBXShellScriptBuildPhase section */

/* Begin PBXSourcesBuildPhase section */
		24A5790C29BC552C00495E6F /* Sources */ = {
			isa = PBXSourcesBuildPhase;
			buildActionMask = 2147483647;
			files = (
				245B391D29E39E49001DD213 /* VehicleMake.swift in Sources */,
				24A662FC29C6DD5100AD784F /* UNUserNC+EXT.swift in Sources */,
				24B071A12A363E30000C6B75 /* ReportTimelimeAnnotationView.swift in Sources */,
				24A206902A0826BE00F5DC0C /* FirebaseUserManager.swift in Sources */,
				24A5792929BC567F00495E6F /* ReportAnnotation.swift in Sources */,
				2426A61B2A23461300E78647 /* ReportsDelegate.swift in Sources */,
				24EE41142A59E0FD00AF2A11 /* LicnesePlateDectectionManager.swift in Sources */,
				2426A6202A23475A00E78647 /* ReportClusterAnnotationView.swift in Sources */,
				240F22472A34FEF70078F97E /* FirebaseAuth.swift in Sources */,
				24EE41182A5BB42D00AF2A11 /* QuerySnapshot.swift in Sources */,
				24A4CEDE29BFA2CE00B856BC /* UNAuth+EXT.swift in Sources */,
				24334D0429C19E100084B8EC /* UIImagePicker.swift in Sources */,
				245B392329E39EC1001DD213 /* VehicleColor.swift in Sources */,
				244BF51929D33F4E00951765 /* ImageCache.swift in Sources */,
				24A4CEE429BFAC7100B856BC /* CLLocation+EXT.swift in Sources */,
				24B897EC29CF5A3B0003BCC8 /* UserViewModel.swift in Sources */,
				24EAF11729C2A02900B4CBFE /* SFSafariView.swift in Sources */,
				240F222E2A3211810078F97E /* Drawer.swift in Sources */,
				240CD8C92A60A49800D04D1A /* FirebaseDatabasesPaths.swift in Sources */,
				24A5792F29BC5C8700495E6F /* ReportsViewModel.swift in Sources */,
				24A206952A08334400F5DC0C /* Location.swift in Sources */,
				240F22452A33F10A0078F97E /* FirebaseUserNotification.swift in Sources */,
				24334D0629C1A0E10084B8EC /* View+EXT.swift in Sources */,
				24A5791429BC552C00495E6F /* StoleMyKiaApp.swift in Sources */,
				2437328029BEF8FC008F4C4E /* NotificationViewModel.swift in Sources */,
				24EE41162A5A84FB00AF2A11 /* StorageManager.swift in Sources */,
				245B391729E39159001DD213 /* Color+EXT.swift in Sources */,
				24A4CEE729C04CBA00B856BC /* ReportAnnotationCallout.swift in Sources */,
				245B392129E39E90001DD213 /* ReportType.swift in Sources */,
				2426A6192A2345EF00E78647 /* FirebaseUserDelegate.swift in Sources */,
				249254A62A37CA590037C43C /* UIHostingController.swift in Sources */,
				24A5792C29BC56B000495E6F /* Report.swift in Sources */,
				245B391F29E39E55001DD213 /* VehicleModel.swift in Sources */,
				2426A62A2A243F0E00E78647 /* AnnotationCalloutDelegate.swift in Sources */,
				240910C42A64639E00DC699A /* FirebaseAuthViewModel.swift in Sources */,
				240F22492A350AD30078F97E /* LicenseScannerDelegate.swift in Sources */,
				24A206922A08270300F5DC0C /* Vehicle.swift in Sources */,
				24848AB72A61E38E003E037E /* LicenseTextDetectionManager.swift in Sources */,
				24C6983A2A402ECD003A1DE6 /* ReportRole.swift in Sources */,
				2425EAF92A003CDE00CC886F /* NavigationController.swift in Sources */,
				2495A02229CAC5DF00457CE7 /* String+EXT.swift in Sources */,
				248278D72A03054C00C1E99D /* UISheetPC.swift in Sources */,
				24A4CEE029BFA65100B856BC /* URL+EXT.swift in Sources */,
				24A662FA29C592FF00AD784F /* ReportClusterAnnotation.swift in Sources */,
				24334D0129C187800084B8EC /* Reports.xcdatamodeld in Sources */,
				24334CFB29C0E0130084B8EC /* UIImage+EXT.swift in Sources */,
				24334CFD29C1846C0084B8EC /* Image+EXT.swift in Sources */,
				24AAC49A29CC1A6400125196 /* AES+EXT.swift in Sources */,
				24FA56BA2A29284D0074149B /* UIActivityVC.swift in Sources */,
				2495A02029CAC3DE00457CE7 /* Date+EXT.swift in Sources */,
				24A662F729C2F45B00AD784F /* ReportsManager.swift in Sources */,
				2448C3A52A2A3B1800A72D9F /* JSONSerial+EXT.swift in Sources */,
				24A2068E2A07A18B00F5DC0C /* User.swift in Sources */,
			);
			runOnlyForDeploymentPostprocessing = 0;
		};
/* End PBXSourcesBuildPhase section */

/* Begin XCBuildConfiguration section */
		24A5791C29BC552E00495E6F /* Debug */ = {
			isa = XCBuildConfiguration;
			buildSettings = {
				ALWAYS_SEARCH_USER_PATHS = NO;
				CLANG_ANALYZER_NONNULL = YES;
				CLANG_ANALYZER_NUMBER_OBJECT_CONVERSION = YES_AGGRESSIVE;
				CLANG_CXX_LANGUAGE_STANDARD = "gnu++20";
				CLANG_ENABLE_MODULES = YES;
				CLANG_ENABLE_OBJC_ARC = YES;
				CLANG_ENABLE_OBJC_WEAK = YES;
				CLANG_WARN_BLOCK_CAPTURE_AUTORELEASING = YES;
				CLANG_WARN_BOOL_CONVERSION = YES;
				CLANG_WARN_COMMA = YES;
				CLANG_WARN_CONSTANT_CONVERSION = YES;
				CLANG_WARN_DEPRECATED_OBJC_IMPLEMENTATIONS = YES;
				CLANG_WARN_DIRECT_OBJC_ISA_USAGE = YES_ERROR;
				CLANG_WARN_DOCUMENTATION_COMMENTS = YES;
				CLANG_WARN_EMPTY_BODY = YES;
				CLANG_WARN_ENUM_CONVERSION = YES;
				CLANG_WARN_INFINITE_RECURSION = YES;
				CLANG_WARN_INT_CONVERSION = YES;
				CLANG_WARN_NON_LITERAL_NULL_CONVERSION = YES;
				CLANG_WARN_OBJC_IMPLICIT_RETAIN_SELF = YES;
				CLANG_WARN_OBJC_LITERAL_CONVERSION = YES;
				CLANG_WARN_OBJC_ROOT_CLASS = YES_ERROR;
				CLANG_WARN_QUOTED_INCLUDE_IN_FRAMEWORK_HEADER = YES;
				CLANG_WARN_RANGE_LOOP_ANALYSIS = YES;
				CLANG_WARN_STRICT_PROTOTYPES = YES;
				CLANG_WARN_SUSPICIOUS_MOVE = YES;
				CLANG_WARN_UNGUARDED_AVAILABILITY = YES_AGGRESSIVE;
				CLANG_WARN_UNREACHABLE_CODE = YES;
				CLANG_WARN__DUPLICATE_METHOD_MATCH = YES;
				COPY_PHASE_STRIP = NO;
				DEBUG_INFORMATION_FORMAT = dwarf;
				ENABLE_STRICT_OBJC_MSGSEND = YES;
				ENABLE_TESTABILITY = YES;
				GCC_C_LANGUAGE_STANDARD = gnu11;
				GCC_DYNAMIC_NO_PIC = NO;
				GCC_NO_COMMON_BLOCKS = YES;
				GCC_OPTIMIZATION_LEVEL = 0;
				GCC_PREPROCESSOR_DEFINITIONS = (
					"DEBUG=1",
					"$(inherited)",
				);
				GCC_WARN_64_TO_32_BIT_CONVERSION = YES;
				GCC_WARN_ABOUT_RETURN_TYPE = YES_ERROR;
				GCC_WARN_UNDECLARED_SELECTOR = YES;
				GCC_WARN_UNINITIALIZED_AUTOS = YES_AGGRESSIVE;
				GCC_WARN_UNUSED_FUNCTION = YES;
				GCC_WARN_UNUSED_VARIABLE = YES;
				IPHONEOS_DEPLOYMENT_TARGET = 16.0;
				MTL_ENABLE_DEBUG_INFO = INCLUDE_SOURCE;
				MTL_FAST_MATH = YES;
				ONLY_ACTIVE_ARCH = YES;
				SDKROOT = iphoneos;
				SWIFT_ACTIVE_COMPILATION_CONDITIONS = DEBUG;
				SWIFT_OPTIMIZATION_LEVEL = "-Onone";
			};
			name = Debug;
		};
		24A5791D29BC552E00495E6F /* Release */ = {
			isa = XCBuildConfiguration;
			buildSettings = {
				ALWAYS_SEARCH_USER_PATHS = NO;
				CLANG_ANALYZER_NONNULL = YES;
				CLANG_ANALYZER_NUMBER_OBJECT_CONVERSION = YES_AGGRESSIVE;
				CLANG_CXX_LANGUAGE_STANDARD = "gnu++20";
				CLANG_ENABLE_MODULES = YES;
				CLANG_ENABLE_OBJC_ARC = YES;
				CLANG_ENABLE_OBJC_WEAK = YES;
				CLANG_WARN_BLOCK_CAPTURE_AUTORELEASING = YES;
				CLANG_WARN_BOOL_CONVERSION = YES;
				CLANG_WARN_COMMA = YES;
				CLANG_WARN_CONSTANT_CONVERSION = YES;
				CLANG_WARN_DEPRECATED_OBJC_IMPLEMENTATIONS = YES;
				CLANG_WARN_DIRECT_OBJC_ISA_USAGE = YES_ERROR;
				CLANG_WARN_DOCUMENTATION_COMMENTS = YES;
				CLANG_WARN_EMPTY_BODY = YES;
				CLANG_WARN_ENUM_CONVERSION = YES;
				CLANG_WARN_INFINITE_RECURSION = YES;
				CLANG_WARN_INT_CONVERSION = YES;
				CLANG_WARN_NON_LITERAL_NULL_CONVERSION = YES;
				CLANG_WARN_OBJC_IMPLICIT_RETAIN_SELF = YES;
				CLANG_WARN_OBJC_LITERAL_CONVERSION = YES;
				CLANG_WARN_OBJC_ROOT_CLASS = YES_ERROR;
				CLANG_WARN_QUOTED_INCLUDE_IN_FRAMEWORK_HEADER = YES;
				CLANG_WARN_RANGE_LOOP_ANALYSIS = YES;
				CLANG_WARN_STRICT_PROTOTYPES = YES;
				CLANG_WARN_SUSPICIOUS_MOVE = YES;
				CLANG_WARN_UNGUARDED_AVAILABILITY = YES_AGGRESSIVE;
				CLANG_WARN_UNREACHABLE_CODE = YES;
				CLANG_WARN__DUPLICATE_METHOD_MATCH = YES;
				COPY_PHASE_STRIP = NO;
				DEBUG_INFORMATION_FORMAT = "dwarf-with-dsym";
				ENABLE_NS_ASSERTIONS = NO;
				ENABLE_STRICT_OBJC_MSGSEND = YES;
				GCC_C_LANGUAGE_STANDARD = gnu11;
				GCC_NO_COMMON_BLOCKS = YES;
				GCC_WARN_64_TO_32_BIT_CONVERSION = YES;
				GCC_WARN_ABOUT_RETURN_TYPE = YES_ERROR;
				GCC_WARN_UNDECLARED_SELECTOR = YES;
				GCC_WARN_UNINITIALIZED_AUTOS = YES_AGGRESSIVE;
				GCC_WARN_UNUSED_FUNCTION = YES;
				GCC_WARN_UNUSED_VARIABLE = YES;
				IPHONEOS_DEPLOYMENT_TARGET = 16.0;
				MTL_ENABLE_DEBUG_INFO = NO;
				MTL_FAST_MATH = YES;
				SDKROOT = iphoneos;
				SWIFT_COMPILATION_MODE = wholemodule;
				SWIFT_OPTIMIZATION_LEVEL = "-O";
				VALIDATE_PRODUCT = YES;
			};
			name = Release;
		};
		24A5791F29BC552E00495E6F /* Debug */ = {
			isa = XCBuildConfiguration;
			baseConfigurationReference = CB1F3C6B9B65B1A9366554C7 /* Pods-StoleMyKia.debug.xcconfig */;
			buildSettings = {
				ASSETCATALOG_COMPILER_APPICON_NAME = AppIcon;
				ASSETCATALOG_COMPILER_GLOBAL_ACCENT_COLOR_NAME = AccentColor;
				CODE_SIGN_ENTITLEMENTS = StoleMyKia/StoleMyKia.entitlements;
				CODE_SIGN_STYLE = Automatic;
				CURRENT_PROJECT_VERSION = 1;
				DEVELOPMENT_ASSET_PATHS = "\"StoleMyKia/Preview Content\"";
				DEVELOPMENT_TEAM = H5L7QT5U7B;
				ENABLE_PREVIEWS = YES;
				GENERATE_INFOPLIST_FILE = YES;
				INFOPLIST_FILE = StoleMyKia/Info.plist;
				INFOPLIST_KEY_CFBundleDisplayName = StoleMyKia;
				INFOPLIST_KEY_LSApplicationCategoryType = "public.app-category.utilities";
				INFOPLIST_KEY_NSCameraUsageDescription = "Your device's camera will be used to detect license plates. It'll also be used to capture images of vehicles.";
				INFOPLIST_KEY_NSFileProviderDomainUsageDescription = StoleMyKia;
				INFOPLIST_KEY_NSLocationAlwaysAndWhenInUseUsageDescription = "Your location is automatically applied to a report you make when authorized. Your location is also used to cater reports closests to your location.";
				INFOPLIST_KEY_NSLocationWhenInUseUsageDescription = "Your location is automatically applied to a report you make when authorized. Your location is also used to cater reports closests to your location.";
				INFOPLIST_KEY_UIApplicationSceneManifest_Generation = YES;
				INFOPLIST_KEY_UIApplicationSupportsIndirectInputEvents = YES;
				INFOPLIST_KEY_UILaunchScreen_Generation = YES;
				INFOPLIST_KEY_UILaunchStoryboardName = "Launch Screen.storyboard";
				INFOPLIST_KEY_UISupportedInterfaceOrientations = UIInterfaceOrientationPortrait;
				IPHONEOS_DEPLOYMENT_TARGET = 15.0;
				LD_RUNPATH_SEARCH_PATHS = (
					"$(inherited)",
					"@executable_path/Frameworks",
				);
				MARKETING_VERSION = 1.0;
				PRODUCT_BUNDLE_IDENTIFIER = JaylenKSmith.StoleMyKia;
				PRODUCT_NAME = "$(TARGET_NAME)";
				SUPPORTED_PLATFORMS = "iphoneos iphonesimulator";
				SUPPORTS_MACCATALYST = NO;
				SUPPORTS_MAC_DESIGNED_FOR_IPHONE_IPAD = NO;
				SWIFT_EMIT_LOC_STRINGS = YES;
				SWIFT_VERSION = 5.0;
				TARGETED_DEVICE_FAMILY = 1;
			};
			name = Debug;
		};
		24A5792029BC552E00495E6F /* Release */ = {
			isa = XCBuildConfiguration;
			baseConfigurationReference = 562368835F2B675102514EA4 /* Pods-StoleMyKia.release.xcconfig */;
			buildSettings = {
				ASSETCATALOG_COMPILER_APPICON_NAME = AppIcon;
				ASSETCATALOG_COMPILER_GLOBAL_ACCENT_COLOR_NAME = AccentColor;
				CODE_SIGN_ENTITLEMENTS = StoleMyKia/StoleMyKia.entitlements;
				CODE_SIGN_STYLE = Automatic;
				CURRENT_PROJECT_VERSION = 1;
				DEVELOPMENT_ASSET_PATHS = "\"StoleMyKia/Preview Content\"";
				DEVELOPMENT_TEAM = H5L7QT5U7B;
				ENABLE_PREVIEWS = YES;
				GENERATE_INFOPLIST_FILE = YES;
				INFOPLIST_FILE = StoleMyKia/Info.plist;
				INFOPLIST_KEY_CFBundleDisplayName = StoleMyKia;
				INFOPLIST_KEY_LSApplicationCategoryType = "public.app-category.utilities";
				INFOPLIST_KEY_NSCameraUsageDescription = "Your device's camera will be used to detect license plates. It'll also be used to capture images of vehicles.";
				INFOPLIST_KEY_NSFileProviderDomainUsageDescription = StoleMyKia;
				INFOPLIST_KEY_NSLocationAlwaysAndWhenInUseUsageDescription = "Your location is automatically applied to a report you make when authorized. Your location is also used to cater reports closests to your location.";
				INFOPLIST_KEY_NSLocationWhenInUseUsageDescription = "Your location is automatically applied to a report you make when authorized. Your location is also used to cater reports closests to your location.";
				INFOPLIST_KEY_UIApplicationSceneManifest_Generation = YES;
				INFOPLIST_KEY_UIApplicationSupportsIndirectInputEvents = YES;
				INFOPLIST_KEY_UILaunchScreen_Generation = YES;
				INFOPLIST_KEY_UILaunchStoryboardName = "Launch Screen.storyboard";
				INFOPLIST_KEY_UISupportedInterfaceOrientations = UIInterfaceOrientationPortrait;
				IPHONEOS_DEPLOYMENT_TARGET = 15.0;
				LD_RUNPATH_SEARCH_PATHS = (
					"$(inherited)",
					"@executable_path/Frameworks",
				);
				MARKETING_VERSION = 1.0;
				PRODUCT_BUNDLE_IDENTIFIER = JaylenKSmith.StoleMyKia;
				PRODUCT_NAME = "$(TARGET_NAME)";
				SUPPORTED_PLATFORMS = "iphoneos iphonesimulator";
				SUPPORTS_MACCATALYST = NO;
				SUPPORTS_MAC_DESIGNED_FOR_IPHONE_IPAD = NO;
				SWIFT_EMIT_LOC_STRINGS = YES;
				SWIFT_VERSION = 5.0;
				TARGETED_DEVICE_FAMILY = 1;
			};
			name = Release;
		};
/* End XCBuildConfiguration section */

/* Begin XCConfigurationList section */
		24A5790B29BC552C00495E6F /* Build configuration list for PBXProject "StoleMyKia" */ = {
			isa = XCConfigurationList;
			buildConfigurations = (
				24A5791C29BC552E00495E6F /* Debug */,
				24A5791D29BC552E00495E6F /* Release */,
			);
			defaultConfigurationIsVisible = 0;
			defaultConfigurationName = Release;
		};
		24A5791E29BC552E00495E6F /* Build configuration list for PBXNativeTarget "StoleMyKia" */ = {
			isa = XCConfigurationList;
			buildConfigurations = (
				24A5791F29BC552E00495E6F /* Debug */,
				24A5792029BC552E00495E6F /* Release */,
			);
			defaultConfigurationIsVisible = 0;
			defaultConfigurationName = Release;
		};
/* End XCConfigurationList section */

/* Begin XCRemoteSwiftPackageReference section */
		248636AA2A3BCBE90092E184 /* XCRemoteSwiftPackageReference "PartialSheet" */ = {
			isa = XCRemoteSwiftPackageReference;
			repositoryURL = "https://github.com/Jsmith4523/PartialSheet.git";
			requirement = {
				branch = master;
				kind = branch;
			};
		};
/* End XCRemoteSwiftPackageReference section */

/* Begin XCSwiftPackageProductDependency section */
		248636AB2A3BCBE90092E184 /* PartialSheet */ = {
			isa = XCSwiftPackageProductDependency;
			package = 248636AA2A3BCBE90092E184 /* XCRemoteSwiftPackageReference "PartialSheet" */;
			productName = PartialSheet;
		};
/* End XCSwiftPackageProductDependency section */

/* Begin XCVersionGroup section */
		24334CFF29C187800084B8EC /* Reports.xcdatamodeld */ = {
			isa = XCVersionGroup;
			children = (
				24334D0029C187800084B8EC /* Bookmark.xcdatamodel */,
			);
			currentVersion = 24334D0029C187800084B8EC /* Bookmark.xcdatamodel */;
			path = Reports.xcdatamodeld;
			sourceTree = "<group>";
			versionGroupType = wrapper.xcdatamodel;
		};
/* End XCVersionGroup section */
	};
	rootObject = 24A5790829BC552C00495E6F /* Project object */;
}
